
Microsoft Visual Studio Solution File, Format Version 12.00
# Visual Studio Version 17
VisualStudioVersion = 17.4.33205.214
MinimumVisualStudioVersion = 10.0.40219.1
Project("{FAE04EC0-301F-11D3-BF4B-00C04F79EFBC}") = "BusinessMessageApp", "BusinessMessageApp.csproj", "{AD978DC6-D7F6-4665-9510-6C47BA26B690}"
EndProject
Global
	GlobalSection(SolutionConfigurationPlatforms) = preSolution
		Debug|Any CPU = Debug|Any CPU
		Release|Any CPU = Release|Any CPU
	EndGlobalSection
	GlobalSection(ProjectConfigurationPlatforms) = postSolution
		{AD978DC6-D7F6-4665-9510-6C47BA26B690}.Debug|Any CPU.ActiveCfg = Debug|Any CPU
		{AD978DC6-D7F6-4665-9510-6C47BA26B690}.Debug|Any CPU.Build.0 = Debug|Any CPU
		{AD978DC6-D7F6-4665-9510-6C47BA26B690}.Release|Any CPU.ActiveCfg = Release|Any CPU
		{AD978DC6-D7F6-4665-9510-6C47BA26B690}.Release|Any CPU.Build.0 = Release|Any CPU
	EndGlobalSection
	GlobalSection(SolutionProperties) = preSolution
		HideSolutionNode = FALSE
	EndGlobalSection
	GlobalSection(ExtensibilityGlobals) = postSolution
		SolutionGuid = {5ED7060C-5C32-4D86-9EA7-4AC615E60FAA}
	EndGlobalSection
EndGlobal
